{
  "nodes": {
    "deploy-rs": {
      "inputs": {
        "flake-compat": "flake-compat",
        "nixpkgs": "nixpkgs",
        "utils": "utils"
      },
      "locked": {
        "lastModified": 1652079807,
        "narHash": "sha256-aCs1EwO9K2yJ1DcT4+4g7BMlJBWP7Xjs4k5i8ueR8PU=",
        "owner": "serokell",
        "repo": "deploy-rs",
        "rev": "690f698b18345d894784752b5fa93b9b8f3cc29f",
        "type": "github"
      },
      "original": {
        "owner": "serokell",
        "repo": "deploy-rs",
        "type": "github"
      }
    },
    "flake-compat": {
      "flake": false,
      "locked": {
        "lastModified": 1648199409,
        "narHash": "sha256-JwPKdC2PoVBkG6E+eWw3j6BMR6sL3COpYWfif7RVb8Y=",
        "owner": "edolstra",
        "repo": "flake-compat",
        "rev": "64a525ee38886ab9028e6f61790de0832aa3ef03",
        "type": "github"
      },
      "original": {
        "owner": "edolstra",
        "repo": "flake-compat",
        "type": "github"
      }
    },
    "gelos-forms": {
      "inputs": {
        "nixpkgs": [
          "nixpkgs"
        ],
        "utils": "utils_2"
      },
      "locked": {
        "lastModified": 1652723203,
        "narHash": "sha256-ZtgVhPUJZwUl8QZ+c+Qkvf+0gyfO1oPwT9Hih1q+57w=",
        "owner": "gelos-icmc",
        "repo": "formsbackend",
        "rev": "3beba7daf4689adba562168e2653061cb624c21c",
        "type": "gitlab"
      },
      "original": {
        "owner": "gelos-icmc",
        "ref": "1.0.0",
        "repo": "formsbackend",
        "type": "gitlab"
      }
    },
    "hardware": {
      "locked": {
        "lastModified": 1650522846,
        "narHash": "sha256-SxWHXRI3qJwswyXAtzsi6PKVY3KLNNnb072KaJthII8=",
        "owner": "nixos",
        "repo": "nixos-hardware",
        "rev": "6b4ebea9093c997c5f275c820e679108de4871ab",
        "type": "github"
      },
      "original": {
        "owner": "nixos",
        "repo": "nixos-hardware",
        "type": "github"
      }
    },
    "nixpkgs": {
      "locked": {
        "lastModified": 1648219316,
        "narHash": "sha256-Ctij+dOi0ZZIfX5eMhgwugfvB+WZSrvVNAyAuANOsnQ=",
        "owner": "NixOS",
        "repo": "nixpkgs",
        "rev": "30d3d79b7d3607d56546dd2a6b49e156ba0ec634",
        "type": "github"
      },
      "original": {
        "owner": "NixOS",
        "ref": "nixpkgs-unstable",
        "repo": "nixpkgs",
        "type": "github"
      }
    },
    "nixpkgs_2": {
      "locked": {
        "lastModified": 1651558728,
        "narHash": "sha256-8HzyRnWlgZluUrVFNOfZAOlA1fghpOSezXvxhalGMUo=",
        "owner": "nixos",
        "repo": "nixpkgs",
        "rev": "cbe587c735b734405f56803e267820ee1559e6c1",
        "type": "github"
      },
      "original": {
        "owner": "nixos",
        "ref": "nixos-unstable",
        "repo": "nixpkgs",
        "type": "github"
      }
    },
    "root": {
      "inputs": {
        "deploy-rs": "deploy-rs",
        "gelos-forms": "gelos-forms",
        "hardware": "hardware",
        "nixpkgs": "nixpkgs_2",
        "utils": "utils_3"
      }
    },
    "utils": {
      "locked": {
        "lastModified": 1648297722,
        "narHash": "sha256-W+qlPsiZd8F3XkzXOzAoR+mpFqzm3ekQkJNa+PIh1BQ=",
        "owner": "numtide",
        "repo": "flake-utils",
        "rev": "0f8662f1319ad6abf89b3380dd2722369fc51ade",
        "type": "github"
      },
      "original": {
        "owner": "numtide",
        "repo": "flake-utils",
        "type": "github"
      }
    },
    "utils_2": {
      "locked": {
        "lastModified": 1650807908,
        "narHash": "sha256-40KmOhMe59bYgMQFKInt0bbm4auXb1tlh9Xow3qUm2g=",
        "owner": "misterio77",
        "repo": "flake-utils",
        "rev": "029918d4ef937909b5caf16fd95d26847cda875d",
        "type": "github"
      },
      "original": {
        "owner": "misterio77",
        "ref": "each-default-system-map",
        "repo": "flake-utils",
        "type": "github"
      }
    },
    "utils_3": {
      "locked": {
        "lastModified": 1649676176,
        "narHash": "sha256-OWKJratjt2RW151VUlJPRALb7OU2S5s+f0vLj4o1bHM=",
        "owner": "numtide",
        "repo": "flake-utils",
        "rev": "a4b154ebbdc88c8498a5c7b01589addc9e9cb678",
        "type": "github"
      },
      "original": {
        "owner": "numtide",
        "repo": "flake-utils",
        "type": "github"
      }
    }
  },
  "root": "root",
  "version": 7
}
