name: Atualizar alguns inputs do flake

on:
  workflow_dispatch:
  schedule:
    - cron: '*/5 * * * *'

jobs:
  bump:
    name: Atualizar flake.lock
    runs-on: ubuntu-latest
    steps:
      - uses: actions/checkout@v2
      - uses: cachix/install-nix-action@v18
      - run: nix flake check
      - run: |
          nix flake lock \
            --update-input gelos-site \
            --update-input gelos-identidade-visual \
            --update-input gelos-forms
      - uses: stefanzweifel/git-auto-commit-action@v4
        with:
          commit_message: Atualizar flake.lock
